
Microsoft Visual Studio Solution File, Format Version 12.00
# Visual Studio 15
VisualStudioVersion = 15.0.26730.16
MinimumVisualStudioVersion = 10.0.40219.1
Project("{FAE04EC0-301F-11D3-BF4B-00C04F79EFBC}") = "Allianz.Vita.Quality", "Allianz.Vita.Quality\Allianz.Vita.Quality.csproj", "{837777EC-AF3A-447E-ACFC-4B5F58E3F924}"
EndProject
Project("{FAE04EC0-301F-11D3-BF4B-00C04F79EFBC}") = "Allianz.Vita.Quality.Tests", "Allianz.Vita.Quality.Tests\Allianz.Vita.Quality.Tests.csproj", "{8C9FB4E2-D093-4B18-A1D9-834C5B5A637D}"
EndProject
Project("{FAE04EC0-301F-11D3-BF4B-00C04F79EFBC}") = "Allianz.Vita.Quality.Business", "Allianz.Vita.Quality.Business\Allianz.Vita.Quality.Business.csproj", "{7A4F732F-D97B-47EF-B521-75A066E6DE57}"
EndProject
Project("{FAE04EC0-301F-11D3-BF4B-00C04F79EFBC}") = "Allianz.Vita.Quality.Business.Test", "Allianz.Vita.Quality.Business.Test\Allianz.Vita.Quality.Business.Test.csproj", "{81C64700-1387-46A8-92E1-1336A68B59D8}"
EndProject
Global
	GlobalSection(SolutionConfigurationPlatforms) = preSolution
		Debug|Any CPU = Debug|Any CPU
		Release|Any CPU = Release|Any CPU
	EndGlobalSection
	GlobalSection(ProjectConfigurationPlatforms) = postSolution
		{837777EC-AF3A-447E-ACFC-4B5F58E3F924}.Debug|Any CPU.ActiveCfg = Debug|Any CPU
		{837777EC-AF3A-447E-ACFC-4B5F58E3F924}.Debug|Any CPU.Build.0 = Debug|Any CPU
		{837777EC-AF3A-447E-ACFC-4B5F58E3F924}.Release|Any CPU.ActiveCfg = Release|Any CPU
		{837777EC-AF3A-447E-ACFC-4B5F58E3F924}.Release|Any CPU.Build.0 = Release|Any CPU
		{8C9FB4E2-D093-4B18-A1D9-834C5B5A637D}.Debug|Any CPU.ActiveCfg = Debug|Any CPU
		{8C9FB4E2-D093-4B18-A1D9-834C5B5A637D}.Debug|Any CPU.Build.0 = Debug|Any CPU
		{8C9FB4E2-D093-4B18-A1D9-834C5B5A637D}.Release|Any CPU.ActiveCfg = Release|Any CPU
		{8C9FB4E2-D093-4B18-A1D9-834C5B5A637D}.Release|Any CPU.Build.0 = Release|Any CPU
		{7A4F732F-D97B-47EF-B521-75A066E6DE57}.Debug|Any CPU.ActiveCfg = Debug|Any CPU
		{7A4F732F-D97B-47EF-B521-75A066E6DE57}.Debug|Any CPU.Build.0 = Debug|Any CPU
		{7A4F732F-D97B-47EF-B521-75A066E6DE57}.Release|Any CPU.ActiveCfg = Release|Any CPU
		{7A4F732F-D97B-47EF-B521-75A066E6DE57}.Release|Any CPU.Build.0 = Release|Any CPU
		{81C64700-1387-46A8-92E1-1336A68B59D8}.Debug|Any CPU.ActiveCfg = Debug|Any CPU
		{81C64700-1387-46A8-92E1-1336A68B59D8}.Debug|Any CPU.Build.0 = Debug|Any CPU
		{81C64700-1387-46A8-92E1-1336A68B59D8}.Release|Any CPU.ActiveCfg = Release|Any CPU
		{81C64700-1387-46A8-92E1-1336A68B59D8}.Release|Any CPU.Build.0 = Release|Any CPU
	EndGlobalSection
	GlobalSection(SolutionProperties) = preSolution
		HideSolutionNode = FALSE
	EndGlobalSection
	GlobalSection(ExtensibilityGlobals) = postSolution
		SolutionGuid = {AA70F59D-BF20-444E-BE3E-EB37C405F439}
	EndGlobalSection
EndGlobal
