
Microsoft Visual Studio Solution File, Format Version 12.00
# Visual Studio 15
VisualStudioVersion = 15.0.27130.2010
MinimumVisualStudioVersion = 10.0.40219.1
Project("{FAE04EC0-301F-11D3-BF4B-00C04F79EFBC}") = "Allianz.Vita.Quality", "Allianz.Vita.Quality\Allianz.Vita.Quality.csproj", "{837777EC-AF3A-447E-ACFC-4B5F58E3F924}"
EndProject
Project("{FAE04EC0-301F-11D3-BF4B-00C04F79EFBC}") = "Allianz.Vita.Quality.Tests", "Allianz.Vita.Quality.Tests\Allianz.Vita.Quality.Tests.csproj", "{8C9FB4E2-D093-4B18-A1D9-834C5B5A637D}"
EndProject
Project("{FAE04EC0-301F-11D3-BF4B-00C04F79EFBC}") = "Allianz.Vita.Quality.Business", "Allianz.Vita.Quality.Business\Allianz.Vita.Quality.Business.csproj", "{7A4F732F-D97B-47EF-B521-75A066E6DE57}"
EndProject
Project("{FAE04EC0-301F-11D3-BF4B-00C04F79EFBC}") = "Allianz.Vita.Quality.Business.Test", "Allianz.Vita.Quality.Business.Test\Allianz.Vita.Quality.Business.Test.csproj", "{81C64700-1387-46A8-92E1-1336A68B59D8}"
EndProject
Project("{FAE04EC0-301F-11D3-BF4B-00C04F79EFBC}") = "Allianz.Vita.Quality.Business.Interfaces", "Allianz.Vita.Quality.Business.Interfaces\Allianz.Vita.Quality.Business.Interfaces.csproj", "{82145157-2858-48D8-A905-F68A8774689A}"
EndProject
Project("{FAE04EC0-301F-11D3-BF4B-00C04F79EFBC}") = "Allianz.Vita.Quality.Business.Fake", "Allianz.Vita.Quality.Business.Fake\Allianz.Vita.Quality.Business.Fake.csproj", "{A2DA316F-3B1D-456F-BD66-A859170B9400}"
EndProject
Project("{FAE04EC0-301F-11D3-BF4B-00C04F79EFBC}") = "Allianz.Vita.Quality.Business.Services", "Allianz.Vita.Quality.Business.Services\Allianz.Vita.Quality.Business.Services.csproj", "{173B667A-FFBB-47CE-AE21-5A56D89477CD}"
EndProject
Project("{FAE04EC0-301F-11D3-BF4B-00C04F79EFBC}") = "Allianz.Vita.Quality.Business.Services.Test", "Allianz.Vita.Quality.Business.Services.Test\Allianz.Vita.Quality.Business.Services.Test.csproj", "{3868A390-A439-474D-B43A-C53EA3A101F6}"
EndProject
Project("{FAE04EC0-301F-11D3-BF4B-00C04F79EFBC}") = "Allianz.Vita.Client.Rest.Jira", "Allianz.Vita.Client.Rest.Jira\Allianz.Vita.Client.Rest.Jira.csproj", "{E198CFA8-B6B3-4F47-9EAD-F8527930B5C0}"
EndProject
Project("{FAE04EC0-301F-11D3-BF4B-00C04F79EFBC}") = "Allianz.Vita.Storage", "Allianz.Vita.Storage\Allianz.Vita.Storage.csproj", "{A674F7CF-6AEF-4596-AAD0-1D0D2A368E70}"
EndProject
Global
	GlobalSection(SolutionConfigurationPlatforms) = preSolution
		Debug|Any CPU = Debug|Any CPU
		Release|Any CPU = Release|Any CPU
	EndGlobalSection
	GlobalSection(ProjectConfigurationPlatforms) = postSolution
		{837777EC-AF3A-447E-ACFC-4B5F58E3F924}.Debug|Any CPU.ActiveCfg = Debug|Any CPU
		{837777EC-AF3A-447E-ACFC-4B5F58E3F924}.Debug|Any CPU.Build.0 = Debug|Any CPU
		{837777EC-AF3A-447E-ACFC-4B5F58E3F924}.Release|Any CPU.ActiveCfg = Release|Any CPU
		{837777EC-AF3A-447E-ACFC-4B5F58E3F924}.Release|Any CPU.Build.0 = Release|Any CPU
		{8C9FB4E2-D093-4B18-A1D9-834C5B5A637D}.Debug|Any CPU.ActiveCfg = Debug|Any CPU
		{8C9FB4E2-D093-4B18-A1D9-834C5B5A637D}.Debug|Any CPU.Build.0 = Debug|Any CPU
		{8C9FB4E2-D093-4B18-A1D9-834C5B5A637D}.Release|Any CPU.ActiveCfg = Release|Any CPU
		{8C9FB4E2-D093-4B18-A1D9-834C5B5A637D}.Release|Any CPU.Build.0 = Release|Any CPU
		{7A4F732F-D97B-47EF-B521-75A066E6DE57}.Debug|Any CPU.ActiveCfg = Debug|Any CPU
		{7A4F732F-D97B-47EF-B521-75A066E6DE57}.Debug|Any CPU.Build.0 = Debug|Any CPU
		{7A4F732F-D97B-47EF-B521-75A066E6DE57}.Release|Any CPU.ActiveCfg = Release|Any CPU
		{7A4F732F-D97B-47EF-B521-75A066E6DE57}.Release|Any CPU.Build.0 = Release|Any CPU
		{81C64700-1387-46A8-92E1-1336A68B59D8}.Debug|Any CPU.ActiveCfg = Debug|Any CPU
		{81C64700-1387-46A8-92E1-1336A68B59D8}.Debug|Any CPU.Build.0 = Debug|Any CPU
		{81C64700-1387-46A8-92E1-1336A68B59D8}.Release|Any CPU.ActiveCfg = Release|Any CPU
		{81C64700-1387-46A8-92E1-1336A68B59D8}.Release|Any CPU.Build.0 = Release|Any CPU
		{82145157-2858-48D8-A905-F68A8774689A}.Debug|Any CPU.ActiveCfg = Debug|Any CPU
		{82145157-2858-48D8-A905-F68A8774689A}.Debug|Any CPU.Build.0 = Debug|Any CPU
		{82145157-2858-48D8-A905-F68A8774689A}.Release|Any CPU.ActiveCfg = Release|Any CPU
		{82145157-2858-48D8-A905-F68A8774689A}.Release|Any CPU.Build.0 = Release|Any CPU
		{A2DA316F-3B1D-456F-BD66-A859170B9400}.Debug|Any CPU.ActiveCfg = Debug|Any CPU
		{A2DA316F-3B1D-456F-BD66-A859170B9400}.Debug|Any CPU.Build.0 = Debug|Any CPU
		{A2DA316F-3B1D-456F-BD66-A859170B9400}.Release|Any CPU.ActiveCfg = Release|Any CPU
		{A2DA316F-3B1D-456F-BD66-A859170B9400}.Release|Any CPU.Build.0 = Release|Any CPU
		{173B667A-FFBB-47CE-AE21-5A56D89477CD}.Debug|Any CPU.ActiveCfg = Debug|Any CPU
		{173B667A-FFBB-47CE-AE21-5A56D89477CD}.Debug|Any CPU.Build.0 = Debug|Any CPU
		{173B667A-FFBB-47CE-AE21-5A56D89477CD}.Release|Any CPU.ActiveCfg = Release|Any CPU
		{173B667A-FFBB-47CE-AE21-5A56D89477CD}.Release|Any CPU.Build.0 = Release|Any CPU
		{3868A390-A439-474D-B43A-C53EA3A101F6}.Debug|Any CPU.ActiveCfg = Debug|Any CPU
		{3868A390-A439-474D-B43A-C53EA3A101F6}.Debug|Any CPU.Build.0 = Debug|Any CPU
		{3868A390-A439-474D-B43A-C53EA3A101F6}.Release|Any CPU.ActiveCfg = Release|Any CPU
		{3868A390-A439-474D-B43A-C53EA3A101F6}.Release|Any CPU.Build.0 = Release|Any CPU
		{E198CFA8-B6B3-4F47-9EAD-F8527930B5C0}.Debug|Any CPU.ActiveCfg = Debug|Any CPU
		{E198CFA8-B6B3-4F47-9EAD-F8527930B5C0}.Debug|Any CPU.Build.0 = Debug|Any CPU
		{E198CFA8-B6B3-4F47-9EAD-F8527930B5C0}.Release|Any CPU.ActiveCfg = Release|Any CPU
		{E198CFA8-B6B3-4F47-9EAD-F8527930B5C0}.Release|Any CPU.Build.0 = Release|Any CPU
		{A674F7CF-6AEF-4596-AAD0-1D0D2A368E70}.Debug|Any CPU.ActiveCfg = Debug|Any CPU
		{A674F7CF-6AEF-4596-AAD0-1D0D2A368E70}.Debug|Any CPU.Build.0 = Debug|Any CPU
		{A674F7CF-6AEF-4596-AAD0-1D0D2A368E70}.Release|Any CPU.ActiveCfg = Release|Any CPU
		{A674F7CF-6AEF-4596-AAD0-1D0D2A368E70}.Release|Any CPU.Build.0 = Release|Any CPU
	EndGlobalSection
	GlobalSection(SolutionProperties) = preSolution
		HideSolutionNode = FALSE
	EndGlobalSection
	GlobalSection(ExtensibilityGlobals) = postSolution
		SolutionGuid = {AA70F59D-BF20-444E-BE3E-EB37C405F439}
	EndGlobalSection
EndGlobal
